
Microsoft Visual Studio Solution File, Format Version 12.00
# Visual Studio Version 16
VisualStudioVersion = 16.0.31129.286
MinimumVisualStudioVersion = 10.0.40219.1
Project("{8BC9CEB8-8B4A-11D0-8D11-00A0C91BC942}") = "4_20", "4_20\4_20.vcxproj", "{3440D675-7870-4021-B6AA-888FCA3A6485}"
EndProject
Global
	GlobalSection(SolutionConfigurationPlatforms) = preSolution
		Debug|x64 = Debug|x64
		Debug|x86 = Debug|x86
		Release|x64 = Release|x64
		Release|x86 = Release|x86
	EndGlobalSection
	GlobalSection(ProjectConfigurationPlatforms) = postSolution
		{3440D675-7870-4021-B6AA-888FCA3A6485}.Debug|x64.ActiveCfg = Debug|x64
		{3440D675-7870-4021-B6AA-888FCA3A6485}.Debug|x64.Build.0 = Debug|x64
		{3440D675-7870-4021-B6AA-888FCA3A6485}.Debug|x86.ActiveCfg = Debug|Win32
		{3440D675-7870-4021-B6AA-888FCA3A6485}.Debug|x86.Build.0 = Debug|Win32
		{3440D675-7870-4021-B6AA-888FCA3A6485}.Release|x64.ActiveCfg = Release|x64
		{3440D675-7870-4021-B6AA-888FCA3A6485}.Release|x64.Build.0 = Release|x64
		{3440D675-7870-4021-B6AA-888FCA3A6485}.Release|x86.ActiveCfg = Release|Win32
		{3440D675-7870-4021-B6AA-888FCA3A6485}.Release|x86.Build.0 = Release|Win32
	EndGlobalSection
	GlobalSection(SolutionProperties) = preSolution
		HideSolutionNode = FALSE
	EndGlobalSection
	GlobalSection(ExtensibilityGlobals) = postSolution
		SolutionGuid = {7A8DC2E1-3AB2-47AB-9858-4E73F5AE6B20}
	EndGlobalSection
EndGlobal
